# THIS IS AN AUTOGENERATED FILE. DO NOT EDIT THIS FILE DIRECTLY.
# yarn lockfile v1


"@vaadin/router@^1.6.0":
  version "1.6.0"
  resolved "https://registry.yarnpkg.com/@vaadin/router/-/router-1.6.0.tgz#dfdad8c62486e6f20dd85042a35e1e527d33d015"
  integrity sha512-uBmk84cSQt4BwFJE/n3SutAd3TSzUceQsbMIN3ss9bjuhAcSXPJoX39uaUiQrAtdz44TlveEzYuzNgPStQqWmA==
  dependencies:
    "@vaadin/vaadin-usage-statistics" "^2.1.0"
    path-to-regexp "2.4.0"

"@vaadin/vaadin-development-mode-detector@^2.0.0":
  version "2.0.4"
  resolved "https://registry.yarnpkg.com/@vaadin/vaadin-development-mode-detector/-/vaadin-development-mode-detector-2.0.4.tgz#f49c8009856bead92d248377c36b295b5aae78e5"
  integrity sha512-S+PaFrZpK8uBIOnIHxjntTrgumd5ztuCnZww96ydGKXgo9whXfZsbMwDuD/102a/IuPUMyF+dh/n3PbWzJ6igA==

"@vaadin/vaadin-usage-statistics@^2.1.0":
  version "2.1.0"
  resolved "https://registry.yarnpkg.com/@vaadin/vaadin-usage-statistics/-/vaadin-usage-statistics-2.1.0.tgz#9c0fd71dded80f401bcdfbcb3f45b5640fc4256d"
  integrity sha512-e81nbqY5zsaYhLJuOVkJkB/Um1pGK5POIqIlTNhUfjeoyGaJ63tiX8+D5n6F+GgVxUTLUarsKa6SKRcQel0AzA==
  dependencies:
    "@vaadin/vaadin-development-mode-detector" "^2.0.0"

lit-element@^2.2.1:
  version "2.2.1"
  resolved "https://registry.yarnpkg.com/lit-element/-/lit-element-2.2.1.tgz#79c94d8cfdc2d73b245656e37991bd1e4811d96f"
  integrity sha512-ipDcgQ1EpW6Va2Z6dWm79jYdimVepO5GL0eYkZrFvdr0OD/1N260Q9DH+K5HXHFrRoC7dOg+ZpED2XE0TgGdXw==
  dependencies:
    lit-html "^1.0.0"

lit-html@^1.0.0:
  version "1.1.2"
  resolved "https://registry.yarnpkg.com/lit-html/-/lit-html-1.1.2.tgz#2e3560a7075210243649c888ad738eaf0daa8374"
  integrity sha512-FFlUMKHKi+qG1x1iHNZ1hrtc/zHmfYTyrSvs3/wBTvaNtpZjOZGWzU7efGYVpgp6KvWeKF6ql9/KsCq6Z/mEDA==

path-to-regexp@2.4.0:
  version "2.4.0"
  resolved "https://registry.yarnpkg.com/path-to-regexp/-/path-to-regexp-2.4.0.tgz#35ce7f333d5616f1c1e1bfe266c3aba2e5b2e704"
  integrity sha512-G6zHoVqC6GGTQkZwF4lkuEyMbVOjoBKAEybQUypI1WTkqinCOrq2x6U2+phkJ1XsEMTy4LjtwPI7HW+NVrRR2w==
